// !$*UTF8*$!
{
	archiveVersion = 1;
	classes = {
	};
	objectVersion = 56;
	objects = {

/* Begin PBXBuildFile section */
		BB0000000000000000000101 /* BusSenderApp.swift in Sources */ = {isa = PBXBuildFile; fileRef = BB0000000000000000000201 /* BusSenderApp.swift */; };
		BB0000000000000000000102 /* ContentView.swift in Sources */ = {isa = PBXBuildFile; fileRef = BB0000000000000000000202 /* ContentView.swift */; };
		BB0000000000000000000103 /* Tracker.swift in Sources */ = {isa = PBXBuildFile; fileRef = BB0000000000000000000203 /* Tracker.swift */; };
/* End PBXBuildFile section */

/* Begin PBXFileReference section */
		BB0000000000000000000201 /* BusSenderApp.swift */ = {isa = PBXFileReference; lastKnownFileType = sourcecode.swift; path = BusSenderApp.swift; sourceTree = "<group>"; };
		BB0000000000000000000202 /* ContentView.swift */ = {isa = PBXFileReference; lastKnownFileType = sourcecode.swift; path = ContentView.swift; sourceTree = "<group>"; };
		BB0000000000000000000203 /* Tracker.swift */ = {isa = PBXFileReference; lastKnownFileType = sourcecode.swift; path = Tracker.swift; sourceTree = "<group>"; };
		BB0000000000000000000204 /* Info.plist */ = {isa = PBXFileReference; lastKnownFileType = text.plist.xml; path = Info.plist; sourceTree = "<group>"; };
		BB0000000000000000000205 /* BusSender.app */ = {isa = PBXFileReference; explicitFileType = wrapper.application; includeInIndex = 0; path = BusSender.app; sourceTree = BUILT_PRODUCTS_DIR; };
/* End PBXFileReference section */

/* Begin PBXFrameworksBuildPhase section */
		BB0000000000000000000301 /* Frameworks */ = {
			isa = PBXFrameworksBuildPhase;
			buildActionMask = 2147483647;
			files = (
			);
			runOnlyForDeploymentPostprocessing = 0;
		};
/* End PBXFrameworksBuildPhase section */

/* Begin PBXGroup section */
		BB0000000000000000000401 = {
			isa = PBXGroup;
			children = (
				BB0000000000000000000402 /* BusSender */,
				BB0000000000000000000403 /* Products */,
			);
			sourceTree = "<group>";
		};
		BB0000000000000000000402 /* BusSender */ = {
			isa = PBXGroup;
			children = (
				BB0000000000000000000201 /* BusSenderApp.swift */,
				BB0000000000000000000202 /* ContentView.swift */,
				BB0000000000000000000203 /* Tracker.swift */,
				BB0000000000000000000204 /* Info.plist */,
			);
			path = BusSender;
			sourceTree = "<group>";
		};
		BB0000000000000000000403 /* Products */ = {
			isa = PBXGroup;
			children = (
				BB0000000000000000000205 /* BusSender.app */,
			);
			name = Products;
			sourceTree = "<group>";
		};
/* End PBXGroup section */

/* Begin PBXNativeTarget section */
		BB0000000000000000000501 /* BusSender */ = {
			isa = PBXNativeTarget;
			buildConfigurationList = BB0000000000000000000702 /* Build configuration list for PBXNativeTarget "BusSender" */;
			buildPhases = (
				BB0000000000000000000302 /* Sources */,
				BB0000000000000000000301 /* Frameworks */,
				BB0000000000000000000303 /* Resources */,
			);
			buildRules = (
			);
			dependencies = (
			);
			name = BusSender;
			productName = BusSender;
			productReference = BB0000000000000000000205 /* BusSender.app */;
			productType = "com.apple.product-type.application";
		};
/* End PBXNativeTarget section */

/* Begin PBXProject section */
		BB0000000000000000000601 /* Project object */ = {
			isa = PBXProject;
			attributes = {
				BuildIndependentTargetsInParallel = 1;
				LastSwiftUpdateCheck = 1500;
				LastUpgradeCheck = 1500;
				TargetAttributes = {
					BB0000000000000000000501 = {
						CreatedOnToolsVersion = 15.0;
					};
				};
			};
			buildConfigurationList = BB0000000000000000000701 /* Build configuration list for PBXProject "BusSender" */;
			compatibilityVersion = "Xcode 14.0";
			developmentRegion = de;
			hasScannedForEncodings = 0;
			knownRegions = (
				de,
				en,
				Base,
			);
			mainGroup = BB0000000000000000000401;
			productRefGroup = BB0000000000000000000403 /* Products */;
			projectDirPath = "";
			projectRoot = "";
			targets = (
				BB0000000000000000000501 /* BusSender */,
			);
		};
/* End PBXProject section */

/* Begin PBXResourcesBuildPhase section */
		BB0000000000000000000303 /* Resources */ = {
			isa = PBXResourcesBuildPhase;
			buildActionMask = 2147483647;
			files = (
			);
			runOnlyForDeploymentPostprocessing = 0;
		};
/* End PBXResourcesBuildPhase section */

/* Begin PBXSourcesBuildPhase section */
		BB0000000000000000000302 /* Sources */ = {
			isa = PBXSourcesBuildPhase;
			buildActionMask = 2147483647;
			files = (
				BB0000000000000000000101 /* BusSenderApp.swift in Sources */,
				BB0000000000000000000102 /* ContentView.swift in Sources */,
				BB0000000000000000000103 /* Tracker.swift in Sources */,
			);
			runOnlyForDeploymentPostprocessing = 0;
		};
/* End PBXSourcesBuildPhase section */

/* Begin XCBuildConfiguration section */
		BB0000000000000000000801 /* Debug */ = {
			isa = XCBuildConfiguration;
			buildSettings = {
				ALWAYS_SEARCH_USER_PATHS = NO;
				CLANG_ENABLE_MODULES = YES;
				CLANG_ENABLE_OBJC_ARC = YES;
				DEBUG_INFORMATION_FORMAT = dwarf;
				ENABLE_STRICT_OBJC_MSGSEND = YES;
				ENABLE_TESTABILITY = YES;
				GCC_OPTIMIZATION_LEVEL = 0;
				IPHONEOS_DEPLOYMENT_TARGET = 16.0;
				ONLY_ACTIVE_ARCH = YES;
				SDKROOT = iphoneos;
				SWIFT_ACTIVE_COMPILATION_CONDITIONS = DEBUG;
				SWIFT_OPTIMIZATION_LEVEL = "-Onone";
			};
			name = Debug;
		};
		BB0000000000000000000802 /* Release */ = {
			isa = XCBuildConfiguration;
			buildSettings = {
				ALWAYS_SEARCH_USER_PATHS = NO;
				CLANG_ENABLE_MODULES = YES;
				CLANG_ENABLE_OBJC_ARC = YES;
				DEBUG_INFORMATION_FORMAT = "dwarf-with-dsym";
				ENABLE_NS_ASSERTIONS = NO;
				ENABLE_STRICT_OBJC_MSGSEND = YES;
				IPHONEOS_DEPLOYMENT_TARGET = 16.0;
				SDKROOT = iphoneos;
				SWIFT_COMPILATION_MODE = wholemodule;
				SWIFT_OPTIMIZATION_LEVEL = "-O";
				VALIDATE_PRODUCT = YES;
			};
			name = Release;
		};
		BB0000000000000000000803 /* Debug */ = {
			isa = XCBuildConfiguration;
			buildSettings = {
				CODE_SIGN_STYLE = Automatic;
				CURRENT_PROJECT_VERSION = 1;
				DEVELOPMENT_TEAM = "";
				GENERATE_INFOPLIST_FILE = YES;
				INFOPLIST_FILE = BusSender/Info.plist;
				INFOPLIST_KEY_CFBundleDisplayName = "Bus-Sender";
				INFOPLIST_KEY_NSLocationAlwaysAndWhenInUseUsageDescription = "Der Standort des Busses wird für die Live-Seite der Klassenfahrt gesendet, auch im Hintergrund.";
				INFOPLIST_KEY_NSLocationWhenInUseUsageDescription = "Der Standort des Busses wird für die Live-Seite der Klassenfahrt gesendet.";
				INFOPLIST_KEY_UIApplicationSceneManifest_Generation = YES;
				INFOPLIST_KEY_UILaunchScreen_Generation = YES;
				INFOPLIST_KEY_UISupportedInterfaceOrientations = UIInterfaceOrientationPortrait;
				IPHONEOS_DEPLOYMENT_TARGET = 16.0;
				LD_RUNPATH_SEARCH_PATHS = (
					"$(inherited)",
					"@executable_path/Frameworks",
				);
				MARKETING_VERSION = 1.0;
				PRODUCT_BUNDLE_IDENTIFIER = de.f1nn303.bussender;
				PRODUCT_NAME = "$(TARGET_NAME)";
				SWIFT_EMIT_LOC_STRINGS = YES;
				SWIFT_VERSION = 5.0;
				TARGETED_DEVICE_FAMILY = 1;
			};
			name = Debug;
		};
		BB0000000000000000000804 /* Release */ = {
			isa = XCBuildConfiguration;
			buildSettings = {
				CODE_SIGN_STYLE = Automatic;
				CURRENT_PROJECT_VERSION = 1;
				DEVELOPMENT_TEAM = "";
				GENERATE_INFOPLIST_FILE = YES;
				INFOPLIST_FILE = BusSender/Info.plist;
				INFOPLIST_KEY_CFBundleDisplayName = "Bus-Sender";
				INFOPLIST_KEY_NSLocationAlwaysAndWhenInUseUsageDescription = "Der Standort des Busses wird für die Live-Seite der Klassenfahrt gesendet, auch im Hintergrund.";
				INFOPLIST_KEY_NSLocationWhenInUseUsageDescription = "Der Standort des Busses wird für die Live-Seite der Klassenfahrt gesendet.";
				INFOPLIST_KEY_UIApplicationSceneManifest_Generation = YES;
				INFOPLIST_KEY_UILaunchScreen_Generation = YES;
				INFOPLIST_KEY_UISupportedInterfaceOrientations = UIInterfaceOrientationPortrait;
				IPHONEOS_DEPLOYMENT_TARGET = 16.0;
				LD_RUNPATH_SEARCH_PATHS = (
					"$(inherited)",
					"@executable_path/Frameworks",
				);
				MARKETING_VERSION = 1.0;
				PRODUCT_BUNDLE_IDENTIFIER = de.f1nn303.bussender;
				PRODUCT_NAME = "$(TARGET_NAME)";
				SWIFT_EMIT_LOC_STRINGS = YES;
				SWIFT_VERSION = 5.0;
				TARGETED_DEVICE_FAMILY = 1;
			};
			name = Release;
		};
/* End XCBuildConfiguration section */

/* Begin XCConfigurationList section */
		BB0000000000000000000701 /* Build configuration list for PBXProject "BusSender" */ = {
			isa = XCConfigurationList;
			buildConfigurations = (
				BB0000000000000000000801 /* Debug */,
				BB0000000000000000000802 /* Release */,
			);
			defaultConfigurationIsVisible = 0;
			defaultConfigurationName = Release;
		};
		BB0000000000000000000702 /* Build configuration list for PBXNativeTarget "BusSender" */ = {
			isa = XCConfigurationList;
			buildConfigurations = (
				BB0000000000000000000803 /* Debug */,
				BB0000000000000000000804 /* Release */,
			);
			defaultConfigurationIsVisible = 0;
			defaultConfigurationName = Release;
		};
/* End XCConfigurationList section */
	};
	rootObject = BB0000000000000000000601 /* Project object */;
}
